dependencies:
- name: mongodb
  repository: https://charts.bitnami.com/bitnami
  version: 10.0.5
- name: application
  repository: https://stakater.github.io/stakater-charts
  version: 0.0.31
digest: sha256:e5af18182b1cc87a7da666701ed297e5fa55e5198115f5e6c8196d50720b81ff
generated: "2020-12-14T19:55:37.862512843+05:00"
